
Microsoft Visual Studio Solution File, Format Version 12.00
# Visual Studio 15
VisualStudioVersion = 15.0.28307.102
MinimumVisualStudioVersion = 10.0.40219.1
Project("{FAE04EC0-301F-11D3-BF4B-00C04F79EFBC}") = "ServerRunner", "ServerRunner\ServerRunner.csproj", "{D10C216F-099E-48F9-8E17-3F3820244E72}"
EndProject
Project("{FAE04EC0-301F-11D3-BF4B-00C04F79EFBC}") = "Server", "Server\Server.csproj", "{ACC6B8AE-1516-4444-A137-4644C3F63968}"
EndProject
Global
	GlobalSection(SolutionConfigurationPlatforms) = preSolution
		Debug|Any CPU = Debug|Any CPU
		Release|Any CPU = Release|Any CPU
	EndGlobalSection
	GlobalSection(ProjectConfigurationPlatforms) = postSolution
		{D10C216F-099E-48F9-8E17-3F3820244E72}.Debug|Any CPU.ActiveCfg = Debug|Any CPU
		{D10C216F-099E-48F9-8E17-3F3820244E72}.Debug|Any CPU.Build.0 = Debug|Any CPU
		{D10C216F-099E-48F9-8E17-3F3820244E72}.Release|Any CPU.ActiveCfg = Release|Any CPU
		{D10C216F-099E-48F9-8E17-3F3820244E72}.Release|Any CPU.Build.0 = Release|Any CPU
		{ACC6B8AE-1516-4444-A137-4644C3F63968}.Debug|Any CPU.ActiveCfg = Debug|Any CPU
		{ACC6B8AE-1516-4444-A137-4644C3F63968}.Debug|Any CPU.Build.0 = Debug|Any CPU
		{ACC6B8AE-1516-4444-A137-4644C3F63968}.Release|Any CPU.ActiveCfg = Release|Any CPU
		{ACC6B8AE-1516-4444-A137-4644C3F63968}.Release|Any CPU.Build.0 = Release|Any CPU
	EndGlobalSection
	GlobalSection(SolutionProperties) = preSolution
		HideSolutionNode = FALSE
	EndGlobalSection
	GlobalSection(ExtensibilityGlobals) = postSolution
		SolutionGuid = {C5EEB4AE-418F-46E4-89DA-69AD86A64AED}
	EndGlobalSection
EndGlobal
